// !$*UTF8*$!
{
	archiveVersion = 1;
	classes = {
	};
	objectVersion = 46;
	objects = {

/* Begin PBXBuildFile section */
		DAAD24EC216D5F000059C3FF /* AppDelegate.swift in Sources */ = {isa = PBXBuildFile; fileRef = DAAD24EB216D5F000059C3FF /* AppDelegate.swift */; };
		DAAD24EE216D5F000059C3FF /* ViewController.swift in Sources */ = {isa = PBXBuildFile; fileRef = DAAD24ED216D5F000059C3FF /* ViewController.swift */; };
		DAAD24F1216D5F000059C3FF /* Main.storyboard in Resources */ = {isa = PBXBuildFile; fileRef = DAAD24EF216D5F000059C3FF /* Main.storyboard */; };
		DAAD24F3216D5F000059C3FF /* Assets.xcassets in Resources */ = {isa = PBXBuildFile; fileRef = DAAD24F2216D5F000059C3FF /* Assets.xcassets */; };
		DAAD24F6216D5F000059C3FF /* LaunchScreen.storyboard in Resources */ = {isa = PBXBuildFile; fileRef = DAAD24F4216D5F000059C3FF /* LaunchScreen.storyboard */; };
		DAAD24FE216D66A40059C3FF /* LocationSearchTable.swift in Sources */ = {isa = PBXBuildFile; fileRef = DAAD24FD216D66A40059C3FF /* LocationSearchTable.swift */; };
/* End PBXBuildFile section */

/* Begin PBXFileReference section */
		DAAD24E8216D5F000059C3FF /* MapkitSearch.app */ = {isa = PBXFileReference; explicitFileType = wrapper.application; includeInIndex = 0; path = MapkitSearch.app; sourceTree = BUILT_PRODUCTS_DIR; };
		DAAD24EB216D5F000059C3FF /* AppDelegate.swift */ = {isa = PBXFileReference; lastKnownFileType = sourcecode.swift; path = AppDelegate.swift; sourceTree = "<group>"; };
		DAAD24ED216D5F000059C3FF /* ViewController.swift */ = {isa = PBXFileReference; lastKnownFileType = sourcecode.swift; path = ViewController.swift; sourceTree = "<group>"; };
		DAAD24F0216D5F000059C3FF /* Base */ = {isa = PBXFileReference; lastKnownFileType = file.storyboard; name = Base; path = Base.lproj/Main.storyboard; sourceTree = "<group>"; };
		DAAD24F2216D5F000059C3FF /* Assets.xcassets */ = {isa = PBXFileReference; lastKnownFileType = folder.assetcatalog; path = Assets.xcassets; sourceTree = "<group>"; };
		DAAD24F5216D5F000059C3FF /* Base */ = {isa = PBXFileReference; lastKnownFileType = file.storyboard; name = Base; path = Base.lproj/LaunchScreen.storyboard; sourceTree = "<group>"; };
		DAAD24F7216D5F000059C3FF /* Info.plist */ = {isa = PBXFileReference; lastKnownFileType = text.plist.xml; path = Info.plist; sourceTree = "<group>"; };
		DAAD24FD216D66A40059C3FF /* LocationSearchTable.swift */ = {isa = PBXFileReference; fileEncoding = 4; lastKnownFileType = sourcecode.swift; path = LocationSearchTable.swift; sourceTree = "<group>"; };
/* End PBXFileReference section */

/* Begin PBXFrameworksBuildPhase section */
		DAAD24E5216D5F000059C3FF /* Frameworks */ = {
			isa = PBXFrameworksBuildPhase;
			buildActionMask = 2147483647;
			files = (
			);
			runOnlyForDeploymentPostprocessing = 0;
		};
/* End PBXFrameworksBuildPhase section */

/* Begin PBXGroup section */
		DAAD24DF216D5F000059C3FF = {
			isa = PBXGroup;
			children = (
				DAAD24EA216D5F000059C3FF /* MapkitSearch */,
				DAAD24E9216D5F000059C3FF /* Products */,
			);
			sourceTree = "<group>";
		};
		DAAD24E9216D5F000059C3FF /* Products */ = {
			isa = PBXGroup;
			children = (
				DAAD24E8216D5F000059C3FF /* MapkitSearch.app */,
			);
			name = Products;
			sourceTree = "<group>";
		};
		DAAD24EA216D5F000059C3FF /* MapkitSearch */ = {
			isa = PBXGroup;
			children = (
				DAAD24EB216D5F000059C3FF /* AppDelegate.swift */,
				DAAD24ED216D5F000059C3FF /* ViewController.swift */,
				DAAD24EF216D5F000059C3FF /* Main.storyboard */,
				DAAD24F2216D5F000059C3FF /* Assets.xcassets */,
				DAAD24F4216D5F000059C3FF /* LaunchScreen.storyboard */,
				DAAD24F7216D5F000059C3FF /* Info.plist */,
				DAAD24FD216D66A40059C3FF /* LocationSearchTable.swift */,
			);
			path = MapkitSearch;
			sourceTree = "<group>";
		};
/* End PBXGroup section */

/* Begin PBXNativeTarget section */
		DAAD24E7216D5F000059C3FF /* MapkitSearch */ = {
			isa = PBXNativeTarget;
			buildConfigurationList = DAAD24FA216D5F000059C3FF /* Build configuration list for PBXNativeTarget "MapkitSearch" */;
			buildPhases = (
				DAAD24E4216D5F000059C3FF /* Sources */,
				DAAD24E5216D5F000059C3FF /* Frameworks */,
				DAAD24E6216D5F000059C3FF /* Resources */,
			);
			buildRules = (
			);
			dependencies = (
			);
			name = MapkitSearch;
			productName = MapkitSearch;
			productReference = DAAD24E8216D5F000059C3FF /* MapkitSearch.app */;
			productType = "com.apple.product-type.application";
		};
/* End PBXNativeTarget section */

/* Begin PBXProject section */
		DAAD24E0216D5F000059C3FF /* Project object */ = {
			isa = PBXProject;
			attributes = {
				LastSwiftUpdateCheck = 0820;
				LastUpgradeCheck = 0820;
				ORGANIZATIONNAME = abdulahad;
				TargetAttributes = {
					DAAD24E7216D5F000059C3FF = {
						CreatedOnToolsVersion = 8.2.1;
						ProvisioningStyle = Automatic;
					};
				};
			};
			buildConfigurationList = DAAD24E3216D5F000059C3FF /* Build configuration list for PBXProject "MapkitSearch" */;
			compatibilityVersion = "Xcode 3.2";
			developmentRegion = English;
			hasScannedForEncodings = 0;
			knownRegions = (
				en,
				Base,
			);
			mainGroup = DAAD24DF216D5F000059C3FF;
			productRefGroup = DAAD24E9216D5F000059C3FF /* Products */;
			projectDirPath = "";
			projectRoot = "";
			targets = (
				DAAD24E7216D5F000059C3FF /* MapkitSearch */,
			);
		};
/* End PBXProject section */

/* Begin PBXResourcesBuildPhase section */
		DAAD24E6216D5F000059C3FF /* Resources */ = {
			isa = PBXResourcesBuildPhase;
			buildActionMask = 2147483647;
			files = (
				DAAD24F6216D5F000059C3FF /* LaunchScreen.storyboard in Resources */,
				DAAD24F3216D5F000059C3FF /* Assets.xcassets in Resources */,
				DAAD24F1216D5F000059C3FF /* Main.storyboard in Resources */,
			);
			runOnlyForDeploymentPostprocessing = 0;
		};
/* End PBXResourcesBuildPhase section */

/* Begin PBXSourcesBuildPhase section */
		DAAD24E4216D5F000059C3FF /* Sources */ = {
			isa = PBXSourcesBuildPhase;
			buildActionMask = 2147483647;
			files = (
				DAAD24FE216D66A40059C3FF /* LocationSearchTable.swift in Sources */,
				DAAD24EE216D5F000059C3FF /* ViewController.swift in Sources */,
				DAAD24EC216D5F000059C3FF /* AppDelegate.swift in Sources */,
			);
			runOnlyForDeploymentPostprocessing = 0;
		};
/* End PBXSourcesBuildPhase section */

/* Begin PBXVariantGroup section */
		DAAD24EF216D5F000059C3FF /* Main.storyboard */ = {
			isa = PBXVariantGroup;
			children = (
				DAAD24F0216D5F000059C3FF /* Base */,
			);
			name = Main.storyboard;
			sourceTree = "<group>";
		};
		DAAD24F4216D5F000059C3FF /* LaunchScreen.storyboard */ = {
			isa = PBXVariantGroup;
			children = (
				DAAD24F5216D5F000059C3FF /* Base */,
			);
			name = LaunchScreen.storyboard;
			sourceTree = "<group>";
		};
/* End PBXVariantGroup section */

/* Begin XCBuildConfiguration section */
		DAAD24F8216D5F000059C3FF /* Debug */ = {
			isa = XCBuildConfiguration;
			buildSettings = {
				ALWAYS_SEARCH_USER_PATHS = NO;
				CLANG_ANALYZER_NONNULL = YES;
				CLANG_CXX_LANGUAGE_STANDARD = "gnu++0x";
				CLANG_CXX_LIBRARY = "libc++";
				CLANG_ENABLE_MODULES = YES;
				CLANG_ENABLE_OBJC_ARC = YES;
				CLANG_WARN_BOOL_CONVERSION = YES;
				CLANG_WARN_CONSTANT_CONVERSION = YES;
				CLANG_WARN_DIRECT_OBJC_ISA_USAGE = YES_ERROR;
				CLANG_WARN_DOCUMENTATION_COMMENTS = YES;
				CLANG_WARN_EMPTY_BODY = YES;
				CLANG_WARN_ENUM_CONVERSION = YES;
				CLANG_WARN_INFINITE_RECURSION = YES;
				CLANG_WARN_INT_CONVERSION = YES;
				CLANG_WARN_OBJC_ROOT_CLASS = YES_ERROR;
				CLANG_WARN_SUSPICIOUS_MOVE = YES;
				CLANG_WARN_UNREACHABLE_CODE = YES;
				CLANG_WARN__DUPLICATE_METHOD_MATCH = YES;
				"CODE_SIGN_IDENTITY[sdk=iphoneos*]" = "iPhone Developer";
				COPY_PHASE_STRIP = NO;
				DEBUG_INFORMATION_FORMAT = dwarf;
				ENABLE_STRICT_OBJC_MSGSEND = YES;
				ENABLE_TESTABILITY = YES;
				GCC_C_LANGUAGE_STANDARD = gnu99;
				GCC_DYNAMIC_NO_PIC = NO;
				GCC_NO_COMMON_BLOCKS = YES;
				GCC_OPTIMIZATION_LEVEL = 0;
				GCC_PREPROCESSOR_DEFINITIONS = (
					"DEBUG=1",
					"$(inherited)",
				);
				GCC_WARN_64_TO_32_BIT_CONVERSION = YES;
				GCC_WARN_ABOUT_RETURN_TYPE = YES_ERROR;
				GCC_WARN_UNDECLARED_SELECTOR = YES;
				GCC_WARN_UNINITIALIZED_AUTOS = YES_AGGRESSIVE;
				GCC_WARN_UNUSED_FUNCTION = YES;
				GCC_WARN_UNUSED_VARIABLE = YES;
				IPHONEOS_DEPLOYMENT_TARGET = 10.2;
				MTL_ENABLE_DEBUG_INFO = YES;
				ONLY_ACTIVE_ARCH = YES;
				SDKROOT = iphoneos;
				SWIFT_ACTIVE_COMPILATION_CONDITIONS = DEBUG;
				SWIFT_OPTIMIZATION_LEVEL = "-Onone";
				TARGETED_DEVICE_FAMILY = "1,2";
			};
			name = Debug;
		};
		DAAD24F9216D5F000059C3FF /* Release */ = {
			isa = XCBuildConfiguration;
			buildSettings = {
				ALWAYS_SEARCH_USER_PATHS = NO;
				CLANG_ANALYZER_NONNULL = YES;
				CLANG_CXX_LANGUAGE_STANDARD = "gnu++0x";
				CLANG_CXX_LIBRARY = "libc++";
				CLANG_ENABLE_MODULES = YES;
				CLANG_ENABLE_OBJC_ARC = YES;
				CLANG_WARN_BOOL_CONVERSION = YES;
				CLANG_WARN_CONSTANT_CONVERSION = YES;
				CLANG_WARN_DIRECT_OBJC_ISA_USAGE = YES_ERROR;
				CLANG_WARN_DOCUMENTATION_COMMENTS = YES;
				CLANG_WARN_EMPTY_BODY = YES;
				CLANG_WARN_ENUM_CONVERSION = YES;
				CLANG_WARN_INFINITE_RECURSION = YES;
				CLANG_WARN_INT_CONVERSION = YES;
				CLANG_WARN_OBJC_ROOT_CLASS = YES_ERROR;
				CLANG_WARN_SUSPICIOUS_MOVE = YES;
				CLANG_WARN_UNREACHABLE_CODE = YES;
				CLANG_WARN__DUPLICATE_METHOD_MATCH = YES;
				"CODE_SIGN_IDENTITY[sdk=iphoneos*]" = "iPhone Developer";
				COPY_PHASE_STRIP = NO;
				DEBUG_INFORMATION_FORMAT = "dwarf-with-dsym";
				ENABLE_NS_ASSERTIONS = NO;
				ENABLE_STRICT_OBJC_MSGSEND = YES;
				GCC_C_LANGUAGE_STANDARD = gnu99;
				GCC_NO_COMMON_BLOCKS = YES;
				GCC_WARN_64_TO_32_BIT_CONVERSION = YES;
				GCC_WARN_ABOUT_RETURN_TYPE = YES_ERROR;
				GCC_WARN_UNDECLARED_SELECTOR = YES;
				GCC_WARN_UNINITIALIZED_AUTOS = YES_AGGRESSIVE;
				GCC_WARN_UNUSED_FUNCTION = YES;
				GCC_WARN_UNUSED_VARIABLE = YES;
				IPHONEOS_DEPLOYMENT_TARGET = 10.2;
				MTL_ENABLE_DEBUG_INFO = NO;
				SDKROOT = iphoneos;
				SWIFT_OPTIMIZATION_LEVEL = "-Owholemodule";
				TARGETED_DEVICE_FAMILY = "1,2";
				VALIDATE_PRODUCT = YES;
			};
			name = Release;
		};
		DAAD24FB216D5F000059C3FF /* Debug */ = {
			isa = XCBuildConfiguration;
			buildSettings = {
				ASSETCATALOG_COMPILER_APPICON_NAME = AppIcon;
				INFOPLIST_FILE = MapkitSearch/Info.plist;
				LD_RUNPATH_SEARCH_PATHS = "$(inherited) @executable_path/Frameworks";
				PRODUCT_BUNDLE_IDENTIFIER = abdulahad.MapkitSearch;
				PRODUCT_NAME = "$(TARGET_NAME)";
				SWIFT_VERSION = 3.0;
			};
			name = Debug;
		};
		DAAD24FC216D5F000059C3FF /* Release */ = {
			isa = XCBuildConfiguration;
			buildSettings = {
				ASSETCATALOG_COMPILER_APPICON_NAME = AppIcon;
				INFOPLIST_FILE = MapkitSearch/Info.plist;
				LD_RUNPATH_SEARCH_PATHS = "$(inherited) @executable_path/Frameworks";
				PRODUCT_BUNDLE_IDENTIFIER = abdulahad.MapkitSearch;
				PRODUCT_NAME = "$(TARGET_NAME)";
				SWIFT_VERSION = 3.0;
			};
			name = Release;
		};
/* End XCBuildConfiguration section */

/* Begin XCConfigurationList section */
		DAAD24E3216D5F000059C3FF /* Build configuration list for PBXProject "MapkitSearch" */ = {
			isa = XCConfigurationList;
			buildConfigurations = (
				DAAD24F8216D5F000059C3FF /* Debug */,
				DAAD24F9216D5F000059C3FF /* Release */,
			);
			defaultConfigurationIsVisible = 0;
			defaultConfigurationName = Release;
		};
		DAAD24FA216D5F000059C3FF /* Build configuration list for PBXNativeTarget "MapkitSearch" */ = {
			isa = XCConfigurationList;
			buildConfigurations = (
				DAAD24FB216D5F000059C3FF /* Debug */,
				DAAD24FC216D5F000059C3FF /* Release */,
			);
			defaultConfigurationIsVisible = 0;
		};
/* End XCConfigurationList section */
	};
	rootObject = DAAD24E0216D5F000059C3FF /* Project object */;
}
